// !$*UTF8*$!
{
	archiveVersion = 1;
	classes = {
	};
	objectVersion = 56;
	objects = {

/* Begin PBXBuildFile section */
		BCA5D2902C8CC3A600C8EE60 /* DiceModel.swift in Sources */ = {isa = PBXBuildFile; fileRef = BCE6EFF42C2872640090C606 /* DiceModel.swift */; };
		BCB2A4C22C3F75B600111B9A /* DiceUITests.swift in Sources */ = {isa = PBXBuildFile; fileRef = BCB2A4C12C3F75B600111B9A /* DiceUITests.swift */; };
		BCB2A4CB2C3F7F9800111B9A /* DiceScreen.swift in Sources */ = {isa = PBXBuildFile; fileRef = BCB2A4CA2C3F7F9800111B9A /* DiceScreen.swift */; };
		BCB2A4CF2C4452CB00111B9A /* Color.swift in Sources */ = {isa = PBXBuildFile; fileRef = BCB2A4CE2C4452CB00111B9A /* Color.swift */; };
		BCE6EFE62C2270030090C606 /* DiceApp.swift in Sources */ = {isa = PBXBuildFile; fileRef = BCE6EFE52C2270030090C606 /* DiceApp.swift */; };
		BCE6EFE82C2270030090C606 /* DiceView.swift in Sources */ = {isa = PBXBuildFile; fileRef = BCE6EFE72C2270030090C606 /* DiceView.swift */; };
		BCE6EFEA2C2270040090C606 /* Assets.xcassets in Resources */ = {isa = PBXBuildFile; fileRef = BCE6EFE92C2270040090C606 /* Assets.xcassets */; };
		BCE6EFEE2C2270040090C606 /* Preview Assets.xcassets in Resources */ = {isa = PBXBuildFile; fileRef = BCE6EFED2C2270040090C606 /* Preview Assets.xcassets */; };
		BCE6EFF52C2872640090C606 /* DiceModel.swift in Sources */ = {isa = PBXBuildFile; fileRef = BCE6EFF42C2872640090C606 /* DiceModel.swift */; };
/* End PBXBuildFile section */

/* Begin PBXContainerItemProxy section */
		BCB2A4C52C3F75B600111B9A /* PBXContainerItemProxy */ = {
			isa = PBXContainerItemProxy;
			containerPortal = BCE6EFDA2C2270030090C606 /* Project object */;
			proxyType = 1;
			remoteGlobalIDString = BCE6EFE12C2270030090C606;
			remoteInfo = DiceApp;
		};
/* End PBXContainerItemProxy section */

/* Begin PBXFileReference section */
		BC447B782EF73D6B003FB490 /* SimpleDice.xctestplan */ = {isa = PBXFileReference; lastKnownFileType = text; path = SimpleDice.xctestplan; sourceTree = "<group>"; };
		BC447B792EF77A45003FB490 /* privacy.txt */ = {isa = PBXFileReference; lastKnownFileType = text; path = privacy.txt; sourceTree = "<group>"; };
		BCB2A4BF2C3F75B600111B9A /* SimpleDiceUITests.xctest */ = {isa = PBXFileReference; explicitFileType = wrapper.cfbundle; includeInIndex = 0; path = SimpleDiceUITests.xctest; sourceTree = BUILT_PRODUCTS_DIR; };
		BCB2A4C12C3F75B600111B9A /* DiceUITests.swift */ = {isa = PBXFileReference; lastKnownFileType = sourcecode.swift; path = DiceUITests.swift; sourceTree = "<group>"; };
		BCB2A4CA2C3F7F9800111B9A /* DiceScreen.swift */ = {isa = PBXFileReference; lastKnownFileType = sourcecode.swift; path = DiceScreen.swift; sourceTree = "<group>"; };
		BCB2A4CE2C4452CB00111B9A /* Color.swift */ = {isa = PBXFileReference; lastKnownFileType = sourcecode.swift; path = Color.swift; sourceTree = "<group>"; };
		BCE6EFE22C2270030090C606 /* SimpleDice.app */ = {isa = PBXFileReference; explicitFileType = wrapper.application; includeInIndex = 0; path = SimpleDice.app; sourceTree = BUILT_PRODUCTS_DIR; };
		BCE6EFE52C2270030090C606 /* DiceApp.swift */ = {isa = PBXFileReference; lastKnownFileType = sourcecode.swift; path = DiceApp.swift; sourceTree = "<group>"; };
		BCE6EFE72C2270030090C606 /* DiceView.swift */ = {isa = PBXFileReference; lastKnownFileType = sourcecode.swift; path = DiceView.swift; sourceTree = "<group>"; };
		BCE6EFE92C2270040090C606 /* Assets.xcassets */ = {isa = PBXFileReference; lastKnownFileType = folder.assetcatalog; path = Assets.xcassets; sourceTree = "<group>"; };
		BCE6EFEB2C2270040090C606 /* SimpleDice.entitlements */ = {isa = PBXFileReference; lastKnownFileType = text.plist.entitlements; path = SimpleDice.entitlements; sourceTree = "<group>"; };
		BCE6EFED2C2270040090C606 /* Preview Assets.xcassets */ = {isa = PBXFileReference; lastKnownFileType = folder.assetcatalog; path = "Preview Assets.xcassets"; sourceTree = "<group>"; };
		BCE6EFF42C2872640090C606 /* DiceModel.swift */ = {isa = PBXFileReference; lastKnownFileType = sourcecode.swift; path = DiceModel.swift; sourceTree = "<group>"; };
/* End PBXFileReference section */

/* Begin PBXFrameworksBuildPhase section */
		BCB2A4BC2C3F75B600111B9A /* Frameworks */ = {
			isa = PBXFrameworksBuildPhase;
			buildActionMask = 2147483647;
			files = (
			);
			runOnlyForDeploymentPostprocessing = 0;
		};
		BCE6EFDF2C2270030090C606 /* Frameworks */ = {
			isa = PBXFrameworksBuildPhase;
			buildActionMask = 2147483647;
			files = (
			);
			runOnlyForDeploymentPostprocessing = 0;
		};
/* End PBXFrameworksBuildPhase section */

/* Begin PBXGroup section */
		BCB2A4C02C3F75B600111B9A /* DiceUITests */ = {
			isa = PBXGroup;
			children = (
				BCB2A4C12C3F75B600111B9A /* DiceUITests.swift */,
				BCB2A4CA2C3F7F9800111B9A /* DiceScreen.swift */,
			);
			path = DiceUITests;
			sourceTree = "<group>";
		};
		BCE6EFD92C2270030090C606 = {
			isa = PBXGroup;
			children = (
				BC447B792EF77A45003FB490 /* privacy.txt */,
				BC447B782EF73D6B003FB490 /* SimpleDice.xctestplan */,
				BCE6EFE42C2270030090C606 /* SimpleDice */,
				BCB2A4C02C3F75B600111B9A /* DiceUITests */,
				BCE6EFE32C2270030090C606 /* Products */,
			);
			sourceTree = "<group>";
		};
		BCE6EFE32C2270030090C606 /* Products */ = {
			isa = PBXGroup;
			children = (
				BCE6EFE22C2270030090C606 /* SimpleDice.app */,
				BCB2A4BF2C3F75B600111B9A /* SimpleDiceUITests.xctest */,
			);
			name = Products;
			sourceTree = "<group>";
		};
		BCE6EFE42C2270030090C606 /* SimpleDice */ = {
			isa = PBXGroup;
			children = (
				BCE6EFE52C2270030090C606 /* DiceApp.swift */,
				BCE6EFF42C2872640090C606 /* DiceModel.swift */,
				BCE6EFE72C2270030090C606 /* DiceView.swift */,
				BCB2A4CE2C4452CB00111B9A /* Color.swift */,
				BCE6EFE92C2270040090C606 /* Assets.xcassets */,
				BCE6EFEB2C2270040090C606 /* SimpleDice.entitlements */,
				BCE6EFEC2C2270040090C606 /* Preview Content */,
			);
			path = SimpleDice;
			sourceTree = "<group>";
		};
		BCE6EFEC2C2270040090C606 /* Preview Content */ = {
			isa = PBXGroup;
			children = (
				BCE6EFED2C2270040090C606 /* Preview Assets.xcassets */,
			);
			path = "Preview Content";
			sourceTree = "<group>";
		};
/* End PBXGroup section */

/* Begin PBXNativeTarget section */
		BCB2A4BE2C3F75B600111B9A /* SimpleDiceUITests */ = {
			isa = PBXNativeTarget;
			buildConfigurationList = BCB2A4C72C3F75B600111B9A /* Build configuration list for PBXNativeTarget "SimpleDiceUITests" */;
			buildPhases = (
				BCB2A4BB2C3F75B600111B9A /* Sources */,
				BCB2A4BC2C3F75B600111B9A /* Frameworks */,
				BCB2A4BD2C3F75B600111B9A /* Resources */,
			);
			buildRules = (
			);
			dependencies = (
				BCB2A4C62C3F75B600111B9A /* PBXTargetDependency */,
			);
			name = SimpleDiceUITests;
			productName = DiceAppUITests;
			productReference = BCB2A4BF2C3F75B600111B9A /* SimpleDiceUITests.xctest */;
			productType = "com.apple.product-type.bundle.ui-testing";
		};
		BCE6EFE12C2270030090C606 /* SimpleDice */ = {
			isa = PBXNativeTarget;
			buildConfigurationList = BCE6EFF12C2270040090C606 /* Build configuration list for PBXNativeTarget "SimpleDice" */;
			buildPhases = (
				BCE6EFDE2C2270030090C606 /* Sources */,
				BCE6EFDF2C2270030090C606 /* Frameworks */,
				BCE6EFE02C2270030090C606 /* Resources */,
			);
			buildRules = (
			);
			dependencies = (
			);
			name = SimpleDice;
			productName = DiceApp;
			productReference = BCE6EFE22C2270030090C606 /* SimpleDice.app */;
			productType = "com.apple.product-type.application";
		};
/* End PBXNativeTarget section */

/* Begin PBXProject section */
		BCE6EFDA2C2270030090C606 /* Project object */ = {
			isa = PBXProject;
			attributes = {
				BuildIndependentTargetsInParallel = 1;
				LastSwiftUpdateCheck = 1540;
				LastUpgradeCheck = 2600;
				TargetAttributes = {
					BCB2A4BE2C3F75B600111B9A = {
						CreatedOnToolsVersion = 15.4;
						TestTargetID = BCE6EFE12C2270030090C606;
					};
					BCE6EFE12C2270030090C606 = {
						CreatedOnToolsVersion = 15.4;
					};
				};
			};
			buildConfigurationList = BCE6EFDD2C2270030090C606 /* Build configuration list for PBXProject "SimpleDice" */;
			compatibilityVersion = "Xcode 14.0";
			developmentRegion = en;
			hasScannedForEncodings = 0;
			knownRegions = (
				en,
				Base,
			);
			mainGroup = BCE6EFD92C2270030090C606;
			productRefGroup = BCE6EFE32C2270030090C606 /* Products */;
			projectDirPath = "";
			projectRoot = "";
			targets = (
				BCE6EFE12C2270030090C606 /* SimpleDice */,
				BCB2A4BE2C3F75B600111B9A /* SimpleDiceUITests */,
			);
		};
/* End PBXProject section */

/* Begin PBXResourcesBuildPhase section */
		BCB2A4BD2C3F75B600111B9A /* Resources */ = {
			isa = PBXResourcesBuildPhase;
			buildActionMask = 2147483647;
			files = (
			);
			runOnlyForDeploymentPostprocessing = 0;
		};
		BCE6EFE02C2270030090C606 /* Resources */ = {
			isa = PBXResourcesBuildPhase;
			buildActionMask = 2147483647;
			files = (
				BCE6EFEE2C2270040090C606 /* Preview Assets.xcassets in Resources */,
				BCE6EFEA2C2270040090C606 /* Assets.xcassets in Resources */,
			);
			runOnlyForDeploymentPostprocessing = 0;
		};
/* End PBXResourcesBuildPhase section */

/* Begin PBXSourcesBuildPhase section */
		BCB2A4BB2C3F75B600111B9A /* Sources */ = {
			isa = PBXSourcesBuildPhase;
			buildActionMask = 2147483647;
			files = (
				BCB2A4CB2C3F7F9800111B9A /* DiceScreen.swift in Sources */,
				BCB2A4C22C3F75B600111B9A /* DiceUITests.swift in Sources */,
				BCA5D2902C8CC3A600C8EE60 /* DiceModel.swift in Sources */,
			);
			runOnlyForDeploymentPostprocessing = 0;
		};
		BCE6EFDE2C2270030090C606 /* Sources */ = {
			isa = PBXSourcesBuildPhase;
			buildActionMask = 2147483647;
			files = (
				BCE6EFE82C2270030090C606 /* DiceView.swift in Sources */,
				BCB2A4CF2C4452CB00111B9A /* Color.swift in Sources */,
				BCE6EFE62C2270030090C606 /* DiceApp.swift in Sources */,
				BCE6EFF52C2872640090C606 /* DiceModel.swift in Sources */,
			);
			runOnlyForDeploymentPostprocessing = 0;
		};
/* End PBXSourcesBuildPhase section */

/* Begin PBXTargetDependency section */
		BCB2A4C62C3F75B600111B9A /* PBXTargetDependency */ = {
			isa = PBXTargetDependency;
			target = BCE6EFE12C2270030090C606 /* SimpleDice */;
			targetProxy = BCB2A4C52C3F75B600111B9A /* PBXContainerItemProxy */;
		};
/* End PBXTargetDependency section */

/* Begin XCBuildConfiguration section */
		BCB2A4C82C3F75B600111B9A /* Debug */ = {
			isa = XCBuildConfiguration;
			buildSettings = {
				CODE_SIGN_STYLE = Automatic;
				CURRENT_PROJECT_VERSION = 1;
				DEVELOPMENT_TEAM = YWNPK7569A;
				GENERATE_INFOPLIST_FILE = YES;
				IPHONEOS_DEPLOYMENT_TARGET = 17.5;
				MARKETING_VERSION = 1.0;
				PRODUCT_BUNDLE_IDENTIFIER = com.skelt3r.simpledice;
				PRODUCT_NAME = "$(TARGET_NAME)";
				SDKROOT = iphoneos;
				SUPPORTED_PLATFORMS = "iphoneos iphonesimulator";
				SUPPORTS_MACCATALYST = NO;
				SUPPORTS_MAC_DESIGNED_FOR_IPHONE_IPAD = NO;
				SUPPORTS_XR_DESIGNED_FOR_IPHONE_IPAD = NO;
				SWIFT_EMIT_LOC_STRINGS = NO;
				SWIFT_VERSION = 5.0;
				TARGETED_DEVICE_FAMILY = 1;
				TEST_TARGET_NAME = SimpleDice;
			};
			name = Debug;
		};
		BCB2A4C92C3F75B600111B9A /* Release */ = {
			isa = XCBuildConfiguration;
			buildSettings = {
				CODE_SIGN_STYLE = Automatic;
				CURRENT_PROJECT_VERSION = 1;
				DEVELOPMENT_TEAM = YWNPK7569A;
				GENERATE_INFOPLIST_FILE = YES;
				IPHONEOS_DEPLOYMENT_TARGET = 17.5;
				MARKETING_VERSION = 1.0;
				PRODUCT_BUNDLE_IDENTIFIER = com.skelt3r.simpledice;
				PRODUCT_NAME = "$(TARGET_NAME)";
				SDKROOT = iphoneos;
				SUPPORTED_PLATFORMS = "iphoneos iphonesimulator";
				SUPPORTS_MACCATALYST = NO;
				SUPPORTS_MAC_DESIGNED_FOR_IPHONE_IPAD = NO;
				SUPPORTS_XR_DESIGNED_FOR_IPHONE_IPAD = NO;
				SWIFT_EMIT_LOC_STRINGS = NO;
				SWIFT_VERSION = 5.0;
				TARGETED_DEVICE_FAMILY = 1;
				TEST_TARGET_NAME = SimpleDice;
				VALIDATE_PRODUCT = YES;
			};
			name = Release;
		};
		BCE6EFEF2C2270040090C606 /* Debug */ = {
			isa = XCBuildConfiguration;
			buildSettings = {
				ALWAYS_SEARCH_USER_PATHS = NO;
				ASSETCATALOG_COMPILER_GENERATE_SWIFT_ASSET_SYMBOL_EXTENSIONS = YES;
				CLANG_ANALYZER_NONNULL = YES;
				CLANG_ANALYZER_NUMBER_OBJECT_CONVERSION = YES_AGGRESSIVE;
				CLANG_CXX_LANGUAGE_STANDARD = "gnu++20";
				CLANG_ENABLE_MODULES = YES;
				CLANG_ENABLE_OBJC_ARC = YES;
				CLANG_ENABLE_OBJC_WEAK = YES;
				CLANG_WARN_BLOCK_CAPTURE_AUTORELEASING = YES;
				CLANG_WARN_BOOL_CONVERSION = YES;
				CLANG_WARN_COMMA = YES;
				CLANG_WARN_CONSTANT_CONVERSION = YES;
				CLANG_WARN_DEPRECATED_OBJC_IMPLEMENTATIONS = YES;
				CLANG_WARN_DIRECT_OBJC_ISA_USAGE = YES_ERROR;
				CLANG_WARN_DOCUMENTATION_COMMENTS = YES;
				CLANG_WARN_EMPTY_BODY = YES;
				CLANG_WARN_ENUM_CONVERSION = YES;
				CLANG_WARN_INFINITE_RECURSION = YES;
				CLANG_WARN_INT_CONVERSION = YES;
				CLANG_WARN_NON_LITERAL_NULL_CONVERSION = YES;
				CLANG_WARN_OBJC_IMPLICIT_RETAIN_SELF = YES;
				CLANG_WARN_OBJC_LITERAL_CONVERSION = YES;
				CLANG_WARN_OBJC_ROOT_CLASS = YES_ERROR;
				CLANG_WARN_QUOTED_INCLUDE_IN_FRAMEWORK_HEADER = YES;
				CLANG_WARN_RANGE_LOOP_ANALYSIS = YES;
				CLANG_WARN_STRICT_PROTOTYPES = YES;
				CLANG_WARN_SUSPICIOUS_MOVE = YES;
				CLANG_WARN_UNGUARDED_AVAILABILITY = YES_AGGRESSIVE;
				CLANG_WARN_UNREACHABLE_CODE = YES;
				CLANG_WARN__DUPLICATE_METHOD_MATCH = YES;
				COPY_PHASE_STRIP = NO;
				DEAD_CODE_STRIPPING = YES;
				DEBUG_INFORMATION_FORMAT = dwarf;
				ENABLE_STRICT_OBJC_MSGSEND = YES;
				ENABLE_TESTABILITY = YES;
				ENABLE_USER_SCRIPT_SANDBOXING = YES;
				GCC_C_LANGUAGE_STANDARD = gnu17;
				GCC_DYNAMIC_NO_PIC = NO;
				GCC_NO_COMMON_BLOCKS = YES;
				GCC_OPTIMIZATION_LEVEL = 0;
				GCC_PREPROCESSOR_DEFINITIONS = (
					"DEBUG=1",
					"$(inherited)",
				);
				GCC_WARN_64_TO_32_BIT_CONVERSION = YES;
				GCC_WARN_ABOUT_RETURN_TYPE = YES_ERROR;
				GCC_WARN_UNDECLARED_SELECTOR = YES;
				GCC_WARN_UNINITIALIZED_AUTOS = YES_AGGRESSIVE;
				GCC_WARN_UNUSED_FUNCTION = YES;
				GCC_WARN_UNUSED_VARIABLE = YES;
				LOCALIZATION_PREFERS_STRING_CATALOGS = YES;
				MTL_ENABLE_DEBUG_INFO = INCLUDE_SOURCE;
				MTL_FAST_MATH = YES;
				ONLY_ACTIVE_ARCH = YES;
				STRING_CATALOG_GENERATE_SYMBOLS = YES;
				SWIFT_ACTIVE_COMPILATION_CONDITIONS = "DEBUG $(inherited)";
				SWIFT_OPTIMIZATION_LEVEL = "-Onone";
			};
			name = Debug;
		};
		BCE6EFF02C2270040090C606 /* Release */ = {
			isa = XCBuildConfiguration;
			buildSettings = {
				ALWAYS_SEARCH_USER_PATHS = NO;
				ASSETCATALOG_COMPILER_GENERATE_SWIFT_ASSET_SYMBOL_EXTENSIONS = YES;
				CLANG_ANALYZER_NONNULL = YES;
				CLANG_ANALYZER_NUMBER_OBJECT_CONVERSION = YES_AGGRESSIVE;
				CLANG_CXX_LANGUAGE_STANDARD = "gnu++20";
				CLANG_ENABLE_MODULES = YES;
				CLANG_ENABLE_OBJC_ARC = YES;
				CLANG_ENABLE_OBJC_WEAK = YES;
				CLANG_WARN_BLOCK_CAPTURE_AUTORELEASING = YES;
				CLANG_WARN_BOOL_CONVERSION = YES;
				CLANG_WARN_COMMA = YES;
				CLANG_WARN_CONSTANT_CONVERSION = YES;
				CLANG_WARN_DEPRECATED_OBJC_IMPLEMENTATIONS = YES;
				CLANG_WARN_DIRECT_OBJC_ISA_USAGE = YES_ERROR;
				CLANG_WARN_DOCUMENTATION_COMMENTS = YES;
				CLANG_WARN_EMPTY_BODY = YES;
				CLANG_WARN_ENUM_CONVERSION = YES;
				CLANG_WARN_INFINITE_RECURSION = YES;
				CLANG_WARN_INT_CONVERSION = YES;
				CLANG_WARN_NON_LITERAL_NULL_CONVERSION = YES;
				CLANG_WARN_OBJC_IMPLICIT_RETAIN_SELF = YES;
				CLANG_WARN_OBJC_LITERAL_CONVERSION = YES;
				CLANG_WARN_OBJC_ROOT_CLASS = YES_ERROR;
				CLANG_WARN_QUOTED_INCLUDE_IN_FRAMEWORK_HEADER = YES;
				CLANG_WARN_RANGE_LOOP_ANALYSIS = YES;
				CLANG_WARN_STRICT_PROTOTYPES = YES;
				CLANG_WARN_SUSPICIOUS_MOVE = YES;
				CLANG_WARN_UNGUARDED_AVAILABILITY = YES_AGGRESSIVE;
				CLANG_WARN_UNREACHABLE_CODE = YES;
				CLANG_WARN__DUPLICATE_METHOD_MATCH = YES;
				COPY_PHASE_STRIP = NO;
				DEAD_CODE_STRIPPING = YES;
				DEBUG_INFORMATION_FORMAT = "dwarf-with-dsym";
				ENABLE_NS_ASSERTIONS = NO;
				ENABLE_STRICT_OBJC_MSGSEND = YES;
				ENABLE_USER_SCRIPT_SANDBOXING = YES;
				GCC_C_LANGUAGE_STANDARD = gnu17;
				GCC_NO_COMMON_BLOCKS = YES;
				GCC_WARN_64_TO_32_BIT_CONVERSION = YES;
				GCC_WARN_ABOUT_RETURN_TYPE = YES_ERROR;
				GCC_WARN_UNDECLARED_SELECTOR = YES;
				GCC_WARN_UNINITIALIZED_AUTOS = YES_AGGRESSIVE;
				GCC_WARN_UNUSED_FUNCTION = YES;
				GCC_WARN_UNUSED_VARIABLE = YES;
				LOCALIZATION_PREFERS_STRING_CATALOGS = YES;
				MTL_ENABLE_DEBUG_INFO = NO;
				MTL_FAST_MATH = YES;
				STRING_CATALOG_GENERATE_SYMBOLS = YES;
				SWIFT_COMPILATION_MODE = wholemodule;
			};
			name = Release;
		};
		BCE6EFF22C2270040090C606 /* Debug */ = {
			isa = XCBuildConfiguration;
			buildSettings = {
				ASSETCATALOG_COMPILER_APPICON_NAME = AppIcon;
				ASSETCATALOG_COMPILER_GLOBAL_ACCENT_COLOR_NAME = AccentColor;
				CODE_SIGN_ENTITLEMENTS = SimpleDice/SimpleDice.entitlements;
				CODE_SIGN_STYLE = Automatic;
				CURRENT_PROJECT_VERSION = 1;
				DEAD_CODE_STRIPPING = YES;
				DEVELOPMENT_ASSET_PATHS = "\"SimpleDice/Preview Content\"";
				DEVELOPMENT_TEAM = YWNPK7569A;
				ENABLE_APP_SANDBOX = YES;
				ENABLE_PREVIEWS = YES;
				ENABLE_USER_SELECTED_FILES = readonly;
				GENERATE_INFOPLIST_FILE = YES;
				INFOPLIST_KEY_LSApplicationCategoryType = "public.app-category.dice-games";
				"INFOPLIST_KEY_UIApplicationSceneManifest_Generation[sdk=iphoneos*]" = YES;
				"INFOPLIST_KEY_UIApplicationSceneManifest_Generation[sdk=iphonesimulator*]" = YES;
				"INFOPLIST_KEY_UIApplicationSupportsIndirectInputEvents[sdk=iphoneos*]" = YES;
				"INFOPLIST_KEY_UIApplicationSupportsIndirectInputEvents[sdk=iphonesimulator*]" = YES;
				"INFOPLIST_KEY_UILaunchScreen_Generation[sdk=iphoneos*]" = YES;
				"INFOPLIST_KEY_UILaunchScreen_Generation[sdk=iphonesimulator*]" = YES;
				"INFOPLIST_KEY_UIStatusBarStyle[sdk=iphoneos*]" = UIStatusBarStyleDefault;
				"INFOPLIST_KEY_UIStatusBarStyle[sdk=iphonesimulator*]" = UIStatusBarStyleDefault;
				INFOPLIST_KEY_UISupportedInterfaceOrientations = UIInterfaceOrientationPortrait;
				INFOPLIST_KEY_UISupportedInterfaceOrientations_iPad = "UIInterfaceOrientationLandscapeLeft UIInterfaceOrientationLandscapeRight UIInterfaceOrientationPortrait UIInterfaceOrientationPortraitUpsideDown";
				IPHONEOS_DEPLOYMENT_TARGET = 17.5;
				LD_RUNPATH_SEARCH_PATHS = "@executable_path/Frameworks";
				"LD_RUNPATH_SEARCH_PATHS[sdk=macosx*]" = "@executable_path/../Frameworks";
				MACOSX_DEPLOYMENT_TARGET = 14.3;
				MARKETING_VERSION = 1.0.1;
				PRODUCT_BUNDLE_IDENTIFIER = com.skelt3r.simpledice;
				PRODUCT_NAME = "$(TARGET_NAME)";
				SDKROOT = auto;
				SUPPORTED_PLATFORMS = "iphoneos iphonesimulator";
				SUPPORTS_MACCATALYST = NO;
				SWIFT_EMIT_LOC_STRINGS = YES;
				SWIFT_VERSION = 5.0;
				TARGETED_DEVICE_FAMILY = 1;
			};
			name = Debug;
		};
		BCE6EFF32C2270040090C606 /* Release */ = {
			isa = XCBuildConfiguration;
			buildSettings = {
				ASSETCATALOG_COMPILER_APPICON_NAME = AppIcon;
				ASSETCATALOG_COMPILER_GLOBAL_ACCENT_COLOR_NAME = AccentColor;
				CODE_SIGN_ENTITLEMENTS = SimpleDice/SimpleDice.entitlements;
				CODE_SIGN_STYLE = Automatic;
				CURRENT_PROJECT_VERSION = 1;
				DEAD_CODE_STRIPPING = YES;
				DEVELOPMENT_ASSET_PATHS = "\"SimpleDice/Preview Content\"";
				DEVELOPMENT_TEAM = YWNPK7569A;
				ENABLE_APP_SANDBOX = YES;
				ENABLE_PREVIEWS = YES;
				ENABLE_USER_SELECTED_FILES = readonly;
				GENERATE_INFOPLIST_FILE = YES;
				INFOPLIST_KEY_LSApplicationCategoryType = "public.app-category.dice-games";
				"INFOPLIST_KEY_UIApplicationSceneManifest_Generation[sdk=iphoneos*]" = YES;
				"INFOPLIST_KEY_UIApplicationSceneManifest_Generation[sdk=iphonesimulator*]" = YES;
				"INFOPLIST_KEY_UIApplicationSupportsIndirectInputEvents[sdk=iphoneos*]" = YES;
				"INFOPLIST_KEY_UIApplicationSupportsIndirectInputEvents[sdk=iphonesimulator*]" = YES;
				"INFOPLIST_KEY_UILaunchScreen_Generation[sdk=iphoneos*]" = YES;
				"INFOPLIST_KEY_UILaunchScreen_Generation[sdk=iphonesimulator*]" = YES;
				"INFOPLIST_KEY_UIStatusBarStyle[sdk=iphoneos*]" = UIStatusBarStyleDefault;
				"INFOPLIST_KEY_UIStatusBarStyle[sdk=iphonesimulator*]" = UIStatusBarStyleDefault;
				INFOPLIST_KEY_UISupportedInterfaceOrientations = UIInterfaceOrientationPortrait;
				INFOPLIST_KEY_UISupportedInterfaceOrientations_iPad = "UIInterfaceOrientationLandscapeLeft UIInterfaceOrientationLandscapeRight UIInterfaceOrientationPortrait UIInterfaceOrientationPortraitUpsideDown";
				IPHONEOS_DEPLOYMENT_TARGET = 17.5;
				LD_RUNPATH_SEARCH_PATHS = "@executable_path/Frameworks";
				"LD_RUNPATH_SEARCH_PATHS[sdk=macosx*]" = "@executable_path/../Frameworks";
				MACOSX_DEPLOYMENT_TARGET = 14.3;
				MARKETING_VERSION = 1.0.1;
				PRODUCT_BUNDLE_IDENTIFIER = com.skelt3r.simpledice;
				PRODUCT_NAME = "$(TARGET_NAME)";
				SDKROOT = auto;
				SUPPORTED_PLATFORMS = "iphoneos iphonesimulator";
				SUPPORTS_MACCATALYST = NO;
				SWIFT_EMIT_LOC_STRINGS = YES;
				SWIFT_VERSION = 5.0;
				TARGETED_DEVICE_FAMILY = 1;
			};
			name = Release;
		};
/* End XCBuildConfiguration section */

/* Begin XCConfigurationList section */
		BCB2A4C72C3F75B600111B9A /* Build configuration list for PBXNativeTarget "SimpleDiceUITests" */ = {
			isa = XCConfigurationList;
			buildConfigurations = (
				BCB2A4C82C3F75B600111B9A /* Debug */,
				BCB2A4C92C3F75B600111B9A /* Release */,
			);
			defaultConfigurationIsVisible = 0;
			defaultConfigurationName = Release;
		};
		BCE6EFDD2C2270030090C606 /* Build configuration list for PBXProject "SimpleDice" */ = {
			isa = XCConfigurationList;
			buildConfigurations = (
				BCE6EFEF2C2270040090C606 /* Debug */,
				BCE6EFF02C2270040090C606 /* Release */,
			);
			defaultConfigurationIsVisible = 0;
			defaultConfigurationName = Release;
		};
		BCE6EFF12C2270040090C606 /* Build configuration list for PBXNativeTarget "SimpleDice" */ = {
			isa = XCConfigurationList;
			buildConfigurations = (
				BCE6EFF22C2270040090C606 /* Debug */,
				BCE6EFF32C2270040090C606 /* Release */,
			);
			defaultConfigurationIsVisible = 0;
			defaultConfigurationName = Release;
		};
/* End XCConfigurationList section */
	};
	rootObject = BCE6EFDA2C2270030090C606 /* Project object */;
}
